// !$*UTF8*$!
{
	archiveVersion = 1;
	classes = {
	};
	objectVersion = 50;
	objects = {

/* Begin PBXBuildFile section */
		CD2CC7F926C6125E00E7EFEA /* AppDelegate.swift in Sources */ = {isa = PBXBuildFile; fileRef = CD2CC7F826C6125E00E7EFEA /* AppDelegate.swift */; };
		CD2CC7FB26C6125E00E7EFEA /* SceneDelegate.swift in Sources */ = {isa = PBXBuildFile; fileRef = CD2CC7FA26C6125E00E7EFEA /* SceneDelegate.swift */; };
		CD2CC7FD26C6125E00E7EFEA /* ViewController.swift in Sources */ = {isa = PBXBuildFile; fileRef = CD2CC7FC26C6125E00E7EFEA /* ViewController.swift */; };
		CD2CC80026C6125E00E7EFEA /* Main.storyboard in Resources */ = {isa = PBXBuildFile; fileRef = CD2CC7FE26C6125E00E7EFEA /* Main.storyboard */; };
		CD2CC80226C6125F00E7EFEA /* Assets.xcassets in Resources */ = {isa = PBXBuildFile; fileRef = CD2CC80126C6125F00E7EFEA /* Assets.xcassets */; };
		CD2CC80526C6125F00E7EFEA /* LaunchScreen.storyboard in Resources */ = {isa = PBXBuildFile; fileRef = CD2CC80326C6125F00E7EFEA /* LaunchScreen.storyboard */; };
		CD2CC81026C6125F00E7EFEA /* TechtaGramTests.swift in Sources */ = {isa = PBXBuildFile; fileRef = CD2CC80F26C6125F00E7EFEA /* TechtaGramTests.swift */; };
		CD2CC81B26C6125F00E7EFEA /* TechtaGramUITests.swift in Sources */ = {isa = PBXBuildFile; fileRef = CD2CC81A26C6125F00E7EFEA /* TechtaGramUITests.swift */; };
/* End PBXBuildFile section */

/* Begin PBXContainerItemProxy section */
		CD2CC80C26C6125F00E7EFEA /* PBXContainerItemProxy */ = {
			isa = PBXContainerItemProxy;
			containerPortal = CD2CC7ED26C6125E00E7EFEA /* Project object */;
			proxyType = 1;
			remoteGlobalIDString = CD2CC7F426C6125E00E7EFEA;
			remoteInfo = TechtaGram;
		};
		CD2CC81726C6125F00E7EFEA /* PBXContainerItemProxy */ = {
			isa = PBXContainerItemProxy;
			containerPortal = CD2CC7ED26C6125E00E7EFEA /* Project object */;
			proxyType = 1;
			remoteGlobalIDString = CD2CC7F426C6125E00E7EFEA;
			remoteInfo = TechtaGram;
		};
/* End PBXContainerItemProxy section */

/* Begin PBXFileReference section */
		CD2CC7F526C6125E00E7EFEA /* TechtaGram.app */ = {isa = PBXFileReference; explicitFileType = wrapper.application; includeInIndex = 0; path = TechtaGram.app; sourceTree = BUILT_PRODUCTS_DIR; };
		CD2CC7F826C6125E00E7EFEA /* AppDelegate.swift */ = {isa = PBXFileReference; lastKnownFileType = sourcecode.swift; path = AppDelegate.swift; sourceTree = "<group>"; };
		CD2CC7FA26C6125E00E7EFEA /* SceneDelegate.swift */ = {isa = PBXFileReference; lastKnownFileType = sourcecode.swift; path = SceneDelegate.swift; sourceTree = "<group>"; };
		CD2CC7FC26C6125E00E7EFEA /* ViewController.swift */ = {isa = PBXFileReference; lastKnownFileType = sourcecode.swift; path = ViewController.swift; sourceTree = "<group>"; };
		CD2CC7FF26C6125E00E7EFEA /* Base */ = {isa = PBXFileReference; lastKnownFileType = file.storyboard; name = Base; path = Base.lproj/Main.storyboard; sourceTree = "<group>"; };
		CD2CC80126C6125F00E7EFEA /* Assets.xcassets */ = {isa = PBXFileReference; lastKnownFileType = folder.assetcatalog; path = Assets.xcassets; sourceTree = "<group>"; };
		CD2CC80426C6125F00E7EFEA /* Base */ = {isa = PBXFileReference; lastKnownFileType = file.storyboard; name = Base; path = Base.lproj/LaunchScreen.storyboard; sourceTree = "<group>"; };
		CD2CC80626C6125F00E7EFEA /* Info.plist */ = {isa = PBXFileReference; lastKnownFileType = text.plist.xml; path = Info.plist; sourceTree = "<group>"; };
		CD2CC80B26C6125F00E7EFEA /* TechtaGramTests.xctest */ = {isa = PBXFileReference; explicitFileType = wrapper.cfbundle; includeInIndex = 0; path = TechtaGramTests.xctest; sourceTree = BUILT_PRODUCTS_DIR; };
		CD2CC80F26C6125F00E7EFEA /* TechtaGramTests.swift */ = {isa = PBXFileReference; lastKnownFileType = sourcecode.swift; path = TechtaGramTests.swift; sourceTree = "<group>"; };
		CD2CC81126C6125F00E7EFEA /* Info.plist */ = {isa = PBXFileReference; lastKnownFileType = text.plist.xml; path = Info.plist; sourceTree = "<group>"; };
		CD2CC81626C6125F00E7EFEA /* TechtaGramUITests.xctest */ = {isa = PBXFileReference; explicitFileType = wrapper.cfbundle; includeInIndex = 0; path = TechtaGramUITests.xctest; sourceTree = BUILT_PRODUCTS_DIR; };
		CD2CC81A26C6125F00E7EFEA /* TechtaGramUITests.swift */ = {isa = PBXFileReference; lastKnownFileType = sourcecode.swift; path = TechtaGramUITests.swift; sourceTree = "<group>"; };
		CD2CC81C26C6125F00E7EFEA /* Info.plist */ = {isa = PBXFileReference; lastKnownFileType = text.plist.xml; path = Info.plist; sourceTree = "<group>"; };
/* End PBXFileReference section */

/* Begin PBXFrameworksBuildPhase section */
		CD2CC7F226C6125E00E7EFEA /* Frameworks */ = {
			isa = PBXFrameworksBuildPhase;
			buildActionMask = 2147483647;
			files = (
			);
			runOnlyForDeploymentPostprocessing = 0;
		};
		CD2CC80826C6125F00E7EFEA /* Frameworks */ = {
			isa = PBXFrameworksBuildPhase;
			buildActionMask = 2147483647;
			files = (
			);
			runOnlyForDeploymentPostprocessing = 0;
		};
		CD2CC81326C6125F00E7EFEA /* Frameworks */ = {
			isa = PBXFrameworksBuildPhase;
			buildActionMask = 2147483647;
			files = (
			);
			runOnlyForDeploymentPostprocessing = 0;
		};
/* End PBXFrameworksBuildPhase section */

/* Begin PBXGroup section */
		CD2CC7EC26C6125E00E7EFEA = {
			isa = PBXGroup;
			children = (
				CD2CC7F726C6125E00E7EFEA /* TechtaGram */,
				CD2CC80E26C6125F00E7EFEA /* TechtaGramTests */,
				CD2CC81926C6125F00E7EFEA /* TechtaGramUITests */,
				CD2CC7F626C6125E00E7EFEA /* Products */,
			);
			sourceTree = "<group>";
		};
		CD2CC7F626C6125E00E7EFEA /* Products */ = {
			isa = PBXGroup;
			children = (
				CD2CC7F526C6125E00E7EFEA /* TechtaGram.app */,
				CD2CC80B26C6125F00E7EFEA /* TechtaGramTests.xctest */,
				CD2CC81626C6125F00E7EFEA /* TechtaGramUITests.xctest */,
			);
			name = Products;
			sourceTree = "<group>";
		};
		CD2CC7F726C6125E00E7EFEA /* TechtaGram */ = {
			isa = PBXGroup;
			children = (
				CD2CC7F826C6125E00E7EFEA /* AppDelegate.swift */,
				CD2CC7FA26C6125E00E7EFEA /* SceneDelegate.swift */,
				CD2CC7FC26C6125E00E7EFEA /* ViewController.swift */,
				CD2CC7FE26C6125E00E7EFEA /* Main.storyboard */,
				CD2CC80126C6125F00E7EFEA /* Assets.xcassets */,
				CD2CC80326C6125F00E7EFEA /* LaunchScreen.storyboard */,
				CD2CC80626C6125F00E7EFEA /* Info.plist */,
			);
			path = TechtaGram;
			sourceTree = "<group>";
		};
		CD2CC80E26C6125F00E7EFEA /* TechtaGramTests */ = {
			isa = PBXGroup;
			children = (
				CD2CC80F26C6125F00E7EFEA /* TechtaGramTests.swift */,
				CD2CC81126C6125F00E7EFEA /* Info.plist */,
			);
			path = TechtaGramTests;
			sourceTree = "<group>";
		};
		CD2CC81926C6125F00E7EFEA /* TechtaGramUITests */ = {
			isa = PBXGroup;
			children = (
				CD2CC81A26C6125F00E7EFEA /* TechtaGramUITests.swift */,
				CD2CC81C26C6125F00E7EFEA /* Info.plist */,
			);
			path = TechtaGramUITests;
			sourceTree = "<group>";
		};
/* End PBXGroup section */

/* Begin PBXNativeTarget section */
		CD2CC7F426C6125E00E7EFEA /* TechtaGram */ = {
			isa = PBXNativeTarget;
			buildConfigurationList = CD2CC81F26C6125F00E7EFEA /* Build configuration list for PBXNativeTarget "TechtaGram" */;
			buildPhases = (
				CD2CC7F126C6125E00E7EFEA /* Sources */,
				CD2CC7F226C6125E00E7EFEA /* Frameworks */,
				CD2CC7F326C6125E00E7EFEA /* Resources */,
			);
			buildRules = (
			);
			dependencies = (
			);
			name = TechtaGram;
			productName = TechtaGram;
			productReference = CD2CC7F526C6125E00E7EFEA /* TechtaGram.app */;
			productType = "com.apple.product-type.application";
		};
		CD2CC80A26C6125F00E7EFEA /* TechtaGramTests */ = {
			isa = PBXNativeTarget;
			buildConfigurationList = CD2CC82226C6125F00E7EFEA /* Build configuration list for PBXNativeTarget "TechtaGramTests" */;
			buildPhases = (
				CD2CC80726C6125F00E7EFEA /* Sources */,
				CD2CC80826C6125F00E7EFEA /* Frameworks */,
				CD2CC80926C6125F00E7EFEA /* Resources */,
			);
			buildRules = (
			);
			dependencies = (
				CD2CC80D26C6125F00E7EFEA /* PBXTargetDependency */,
			);
			name = TechtaGramTests;
			productName = TechtaGramTests;
			productReference = CD2CC80B26C6125F00E7EFEA /* TechtaGramTests.xctest */;
			productType = "com.apple.product-type.bundle.unit-test";
		};
		CD2CC81526C6125F00E7EFEA /* TechtaGramUITests */ = {
			isa = PBXNativeTarget;
			buildConfigurationList = CD2CC82526C6125F00E7EFEA /* Build configuration list for PBXNativeTarget "TechtaGramUITests" */;
			buildPhases = (
				CD2CC81226C6125F00E7EFEA /* Sources */,
				CD2CC81326C6125F00E7EFEA /* Frameworks */,
				CD2CC81426C6125F00E7EFEA /* Resources */,
			);
			buildRules = (
			);
			dependencies = (
				CD2CC81826C6125F00E7EFEA /* PBXTargetDependency */,
			);
			name = TechtaGramUITests;
			productName = TechtaGramUITests;
			productReference = CD2CC81626C6125F00E7EFEA /* TechtaGramUITests.xctest */;
			productType = "com.apple.product-type.bundle.ui-testing";
		};
/* End PBXNativeTarget section */

/* Begin PBXProject section */
		CD2CC7ED26C6125E00E7EFEA /* Project object */ = {
			isa = PBXProject;
			attributes = {
				LastSwiftUpdateCheck = 1250;
				LastUpgradeCheck = 1250;
				TargetAttributes = {
					CD2CC7F426C6125E00E7EFEA = {
						CreatedOnToolsVersion = 12.5.1;
					};
					CD2CC80A26C6125F00E7EFEA = {
						CreatedOnToolsVersion = 12.5.1;
						TestTargetID = CD2CC7F426C6125E00E7EFEA;
					};
					CD2CC81526C6125F00E7EFEA = {
						CreatedOnToolsVersion = 12.5.1;
						TestTargetID = CD2CC7F426C6125E00E7EFEA;
					};
				};
			};
			buildConfigurationList = CD2CC7F026C6125E00E7EFEA /* Build configuration list for PBXProject "TechtaGram" */;
			compatibilityVersion = "Xcode 9.3";
			developmentRegion = en;
			hasScannedForEncodings = 0;
			knownRegions = (
				en,
				Base,
			);
			mainGroup = CD2CC7EC26C6125E00E7EFEA;
			productRefGroup = CD2CC7F626C6125E00E7EFEA /* Products */;
			projectDirPath = "";
			projectRoot = "";
			targets = (
				CD2CC7F426C6125E00E7EFEA /* TechtaGram */,
				CD2CC80A26C6125F00E7EFEA /* TechtaGramTests */,
				CD2CC81526C6125F00E7EFEA /* TechtaGramUITests */,
			);
		};
/* End PBXProject section */

/* Begin PBXResourcesBuildPhase section */
		CD2CC7F326C6125E00E7EFEA /* Resources */ = {
			isa = PBXResourcesBuildPhase;
			buildActionMask = 2147483647;
			files = (
				CD2CC80526C6125F00E7EFEA /* LaunchScreen.storyboard in Resources */,
				CD2CC80226C6125F00E7EFEA /* Assets.xcassets in Resources */,
				CD2CC80026C6125E00E7EFEA /* Main.storyboard in Resources */,
			);
			runOnlyForDeploymentPostprocessing = 0;
		};
		CD2CC80926C6125F00E7EFEA /* Resources */ = {
			isa = PBXResourcesBuildPhase;
			buildActionMask = 2147483647;
			files = (
			);
			runOnlyForDeploymentPostprocessing = 0;
		};
		CD2CC81426C6125F00E7EFEA /* Resources */ = {
			isa = PBXResourcesBuildPhase;
			buildActionMask = 2147483647;
			files = (
			);
			runOnlyForDeploymentPostprocessing = 0;
		};
/* End PBXResourcesBuildPhase section */

/* Begin PBXSourcesBuildPhase section */
		CD2CC7F126C6125E00E7EFEA /* Sources */ = {
			isa = PBXSourcesBuildPhase;
			buildActionMask = 2147483647;
			files = (
				CD2CC7FD26C6125E00E7EFEA /* ViewController.swift in Sources */,
				CD2CC7F926C6125E00E7EFEA /* AppDelegate.swift in Sources */,
				CD2CC7FB26C6125E00E7EFEA /* SceneDelegate.swift in Sources */,
			);
			runOnlyForDeploymentPostprocessing = 0;
		};
		CD2CC80726C6125F00E7EFEA /* Sources */ = {
			isa = PBXSourcesBuildPhase;
			buildActionMask = 2147483647;
			files = (
				CD2CC81026C6125F00E7EFEA /* TechtaGramTests.swift in Sources */,
			);
			runOnlyForDeploymentPostprocessing = 0;
		};
		CD2CC81226C6125F00E7EFEA /* Sources */ = {
			isa = PBXSourcesBuildPhase;
			buildActionMask = 2147483647;
			files = (
				CD2CC81B26C6125F00E7EFEA /* TechtaGramUITests.swift in Sources */,
			);
			runOnlyForDeploymentPostprocessing = 0;
		};
/* End PBXSourcesBuildPhase section */

/* Begin PBXTargetDependency section */
		CD2CC80D26C6125F00E7EFEA /* PBXTargetDependency */ = {
			isa = PBXTargetDependency;
			target = CD2CC7F426C6125E00E7EFEA /* TechtaGram */;
			targetProxy = CD2CC80C26C6125F00E7EFEA /* PBXContainerItemProxy */;
		};
		CD2CC81826C6125F00E7EFEA /* PBXTargetDependency */ = {
			isa = PBXTargetDependency;
			target = CD2CC7F426C6125E00E7EFEA /* TechtaGram */;
			targetProxy = CD2CC81726C6125F00E7EFEA /* PBXContainerItemProxy */;
		};
/* End PBXTargetDependency section */

/* Begin PBXVariantGroup section */
		CD2CC7FE26C6125E00E7EFEA /* Main.storyboard */ = {
			isa = PBXVariantGroup;
			children = (
				CD2CC7FF26C6125E00E7EFEA /* Base */,
			);
			name = Main.storyboard;
			sourceTree = "<group>";
		};
		CD2CC80326C6125F00E7EFEA /* LaunchScreen.storyboard */ = {
			isa = PBXVariantGroup;
			children = (
				CD2CC80426C6125F00E7EFEA /* Base */,
			);
			name = LaunchScreen.storyboard;
			sourceTree = "<group>";
		};
/* End PBXVariantGroup section */

/* Begin XCBuildConfiguration section */
		CD2CC81D26C6125F00E7EFEA /* Debug */ = {
			isa = XCBuildConfiguration;
			buildSettings = {
				ALWAYS_SEARCH_USER_PATHS = NO;
				CLANG_ANALYZER_NONNULL = YES;
				CLANG_ANALYZER_NUMBER_OBJECT_CONVERSION = YES_AGGRESSIVE;
				CLANG_CXX_LANGUAGE_STANDARD = "gnu++14";
				CLANG_CXX_LIBRARY = "libc++";
				CLANG_ENABLE_MODULES = YES;
				CLANG_ENABLE_OBJC_ARC = YES;
				CLANG_ENABLE_OBJC_WEAK = YES;
				CLANG_WARN_BLOCK_CAPTURE_AUTORELEASING = YES;
				CLANG_WARN_BOOL_CONVERSION = YES;
				CLANG_WARN_COMMA = YES;
				CLANG_WARN_CONSTANT_CONVERSION = YES;
				CLANG_WARN_DEPRECATED_OBJC_IMPLEMENTATIONS = YES;
				CLANG_WARN_DIRECT_OBJC_ISA_USAGE = YES_ERROR;
				CLANG_WARN_DOCUMENTATION_COMMENTS = YES;
				CLANG_WARN_EMPTY_BODY = YES;
				CLANG_WARN_ENUM_CONVERSION = YES;
				CLANG_WARN_INFINITE_RECURSION = YES;
				CLANG_WARN_INT_CONVERSION = YES;
				CLANG_WARN_NON_LITERAL_NULL_CONVERSION = YES;
				CLANG_WARN_OBJC_IMPLICIT_RETAIN_SELF = YES;
				CLANG_WARN_OBJC_LITERAL_CONVERSION = YES;
				CLANG_WARN_OBJC_ROOT_CLASS = YES_ERROR;
				CLANG_WARN_QUOTED_INCLUDE_IN_FRAMEWORK_HEADER = YES;
				CLANG_WARN_RANGE_LOOP_ANALYSIS = YES;
				CLANG_WARN_STRICT_PROTOTYPES = YES;
				CLANG_WARN_SUSPICIOUS_MOVE = YES;
				CLANG_WARN_UNGUARDED_AVAILABILITY = YES_AGGRESSIVE;
				CLANG_WARN_UNREACHABLE_CODE = YES;
				CLANG_WARN__DUPLICATE_METHOD_MATCH = YES;
				COPY_PHASE_STRIP = NO;
				DEBUG_INFORMATION_FORMAT = dwarf;
				ENABLE_STRICT_OBJC_MSGSEND = YES;
				ENABLE_TESTABILITY = YES;
				GCC_C_LANGUAGE_STANDARD = gnu11;
				GCC_DYNAMIC_NO_PIC = NO;
				GCC_NO_COMMON_BLOCKS = YES;
				GCC_OPTIMIZATION_LEVEL = 0;
				GCC_PREPROCESSOR_DEFINITIONS = (
					"DEBUG=1",
					"$(inherited)",
				);
				GCC_WARN_64_TO_32_BIT_CONVERSION = YES;
				GCC_WARN_ABOUT_RETURN_TYPE = YES_ERROR;
				GCC_WARN_UNDECLARED_SELECTOR = YES;
				GCC_WARN_UNINITIALIZED_AUTOS = YES_AGGRESSIVE;
				GCC_WARN_UNUSED_FUNCTION = YES;
				GCC_WARN_UNUSED_VARIABLE = YES;
				IPHONEOS_DEPLOYMENT_TARGET = 14.5;
				MTL_ENABLE_DEBUG_INFO = INCLUDE_SOURCE;
				MTL_FAST_MATH = YES;
				ONLY_ACTIVE_ARCH = YES;
				SDKROOT = iphoneos;
				SWIFT_ACTIVE_COMPILATION_CONDITIONS = DEBUG;
				SWIFT_OPTIMIZATION_LEVEL = "-Onone";
			};
			name = Debug;
		};
		CD2CC81E26C6125F00E7EFEA /* Release */ = {
			isa = XCBuildConfiguration;
			buildSettings = {
				ALWAYS_SEARCH_USER_PATHS = NO;
				CLANG_ANALYZER_NONNULL = YES;
				CLANG_ANALYZER_NUMBER_OBJECT_CONVERSION = YES_AGGRESSIVE;
				CLANG_CXX_LANGUAGE_STANDARD = "gnu++14";
				CLANG_CXX_LIBRARY = "libc++";
				CLANG_ENABLE_MODULES = YES;
				CLANG_ENABLE_OBJC_ARC = YES;
				CLANG_ENABLE_OBJC_WEAK = YES;
				CLANG_WARN_BLOCK_CAPTURE_AUTORELEASING = YES;
				CLANG_WARN_BOOL_CONVERSION = YES;
				CLANG_WARN_COMMA = YES;
				CLANG_WARN_CONSTANT_CONVERSION = YES;
				CLANG_WARN_DEPRECATED_OBJC_IMPLEMENTATIONS = YES;
				CLANG_WARN_DIRECT_OBJC_ISA_USAGE = YES_ERROR;
				CLANG_WARN_DOCUMENTATION_COMMENTS = YES;
				CLANG_WARN_EMPTY_BODY = YES;
				CLANG_WARN_ENUM_CONVERSION = YES;
				CLANG_WARN_INFINITE_RECURSION = YES;
				CLANG_WARN_INT_CONVERSION = YES;
				CLANG_WARN_NON_LITERAL_NULL_CONVERSION = YES;
				CLANG_WARN_OBJC_IMPLICIT_RETAIN_SELF = YES;
				CLANG_WARN_OBJC_LITERAL_CONVERSION = YES;
				CLANG_WARN_OBJC_ROOT_CLASS = YES_ERROR;
				CLANG_WARN_QUOTED_INCLUDE_IN_FRAMEWORK_HEADER = YES;
				CLANG_WARN_RANGE_LOOP_ANALYSIS = YES;
				CLANG_WARN_STRICT_PROTOTYPES = YES;
				CLANG_WARN_SUSPICIOUS_MOVE = YES;
				CLANG_WARN_UNGUARDED_AVAILABILITY = YES_AGGRESSIVE;
				CLANG_WARN_UNREACHABLE_CODE = YES;
				CLANG_WARN__DUPLICATE_METHOD_MATCH = YES;
				COPY_PHASE_STRIP = NO;
				DEBUG_INFORMATION_FORMAT = "dwarf-with-dsym";
				ENABLE_NS_ASSERTIONS = NO;
				ENABLE_STRICT_OBJC_MSGSEND = YES;
				GCC_C_LANGUAGE_STANDARD = gnu11;
				GCC_NO_COMMON_BLOCKS = YES;
				GCC_WARN_64_TO_32_BIT_CONVERSION = YES;
				GCC_WARN_ABOUT_RETURN_TYPE = YES_ERROR;
				GCC_WARN_UNDECLARED_SELECTOR = YES;
				GCC_WARN_UNINITIALIZED_AUTOS = YES_AGGRESSIVE;
				GCC_WARN_UNUSED_FUNCTION = YES;
				GCC_WARN_UNUSED_VARIABLE = YES;
				IPHONEOS_DEPLOYMENT_TARGET = 14.5;
				MTL_ENABLE_DEBUG_INFO = NO;
				MTL_FAST_MATH = YES;
				SDKROOT = iphoneos;
				SWIFT_COMPILATION_MODE = wholemodule;
				SWIFT_OPTIMIZATION_LEVEL = "-O";
				VALIDATE_PRODUCT = YES;
			};
			name = Release;
		};
		CD2CC82026C6125F00E7EFEA /* Debug */ = {
			isa = XCBuildConfiguration;
			buildSettings = {
				ASSETCATALOG_COMPILER_APPICON_NAME = AppIcon;
				ASSETCATALOG_COMPILER_GLOBAL_ACCENT_COLOR_NAME = AccentColor;
				CODE_SIGN_STYLE = Automatic;
				INFOPLIST_FILE = TechtaGram/Info.plist;
				LD_RUNPATH_SEARCH_PATHS = (
					"$(inherited)",
					"@executable_path/Frameworks",
				);
				PRODUCT_BUNDLE_IDENTIFIER = app.pico.ogoshi.TechtaGram;
				PRODUCT_NAME = "$(TARGET_NAME)";
				SWIFT_VERSION = 5.0;
				TARGETED_DEVICE_FAMILY = "1,2";
			};
			name = Debug;
		};
		CD2CC82126C6125F00E7EFEA /* Release */ = {
			isa = XCBuildConfiguration;
			buildSettings = {
				ASSETCATALOG_COMPILER_APPICON_NAME = AppIcon;
				ASSETCATALOG_COMPILER_GLOBAL_ACCENT_COLOR_NAME = AccentColor;
				CODE_SIGN_STYLE = Automatic;
				INFOPLIST_FILE = TechtaGram/Info.plist;
				LD_RUNPATH_SEARCH_PATHS = (
					"$(inherited)",
					"@executable_path/Frameworks",
				);
				PRODUCT_BUNDLE_IDENTIFIER = app.pico.ogoshi.TechtaGram;
				PRODUCT_NAME = "$(TARGET_NAME)";
				SWIFT_VERSION = 5.0;
				TARGETED_DEVICE_FAMILY = "1,2";
			};
			name = Release;
		};
		CD2CC82326C6125F00E7EFEA /* Debug */ = {
			isa = XCBuildConfiguration;
			buildSettings = {
				ALWAYS_EMBED_SWIFT_STANDARD_LIBRARIES = YES;
				BUNDLE_LOADER = "$(TEST_HOST)";
				CODE_SIGN_STYLE = Automatic;
				INFOPLIST_FILE = TechtaGramTests/Info.plist;
				IPHONEOS_DEPLOYMENT_TARGET = 14.5;
				LD_RUNPATH_SEARCH_PATHS = (
					"$(inherited)",
					"@executable_path/Frameworks",
					"@loader_path/Frameworks",
				);
				PRODUCT_BUNDLE_IDENTIFIER = app.pico.ogoshi.TechtaGramTests;
				PRODUCT_NAME = "$(TARGET_NAME)";
				SWIFT_VERSION = 5.0;
				TARGETED_DEVICE_FAMILY = "1,2";
				TEST_HOST = "$(BUILT_PRODUCTS_DIR)/TechtaGram.app/TechtaGram";
			};
			name = Debug;
		};
		CD2CC82426C6125F00E7EFEA /* Release */ = {
			isa = XCBuildConfiguration;
			buildSettings = {
				ALWAYS_EMBED_SWIFT_STANDARD_LIBRARIES = YES;
				BUNDLE_LOADER = "$(TEST_HOST)";
				CODE_SIGN_STYLE = Automatic;
				INFOPLIST_FILE = TechtaGramTests/Info.plist;
				IPHONEOS_DEPLOYMENT_TARGET = 14.5;
				LD_RUNPATH_SEARCH_PATHS = (
					"$(inherited)",
					"@executable_path/Frameworks",
					"@loader_path/Frameworks",
				);
				PRODUCT_BUNDLE_IDENTIFIER = app.pico.ogoshi.TechtaGramTests;
				PRODUCT_NAME = "$(TARGET_NAME)";
				SWIFT_VERSION = 5.0;
				TARGETED_DEVICE_FAMILY = "1,2";
				TEST_HOST = "$(BUILT_PRODUCTS_DIR)/TechtaGram.app/TechtaGram";
			};
			name = Release;
		};
		CD2CC82626C6125F00E7EFEA /* Debug */ = {
			isa = XCBuildConfiguration;
			buildSettings = {
				ALWAYS_EMBED_SWIFT_STANDARD_LIBRARIES = YES;
				CODE_SIGN_STYLE = Automatic;
				INFOPLIST_FILE = TechtaGramUITests/Info.plist;
				LD_RUNPATH_SEARCH_PATHS = (
					"$(inherited)",
					"@executable_path/Frameworks",
					"@loader_path/Frameworks",
				);
				PRODUCT_BUNDLE_IDENTIFIER = app.pico.ogoshi.TechtaGramUITests;
				PRODUCT_NAME = "$(TARGET_NAME)";
				SWIFT_VERSION = 5.0;
				TARGETED_DEVICE_FAMILY = "1,2";
				TEST_TARGET_NAME = TechtaGram;
			};
			name = Debug;
		};
		CD2CC82726C6125F00E7EFEA /* Release */ = {
			isa = XCBuildConfiguration;
			buildSettings = {
				ALWAYS_EMBED_SWIFT_STANDARD_LIBRARIES = YES;
				CODE_SIGN_STYLE = Automatic;
				INFOPLIST_FILE = TechtaGramUITests/Info.plist;
				LD_RUNPATH_SEARCH_PATHS = (
					"$(inherited)",
					"@executable_path/Frameworks",
					"@loader_path/Frameworks",
				);
				PRODUCT_BUNDLE_IDENTIFIER = app.pico.ogoshi.TechtaGramUITests;
				PRODUCT_NAME = "$(TARGET_NAME)";
				SWIFT_VERSION = 5.0;
				TARGETED_DEVICE_FAMILY = "1,2";
				TEST_TARGET_NAME = TechtaGram;
			};
			name = Release;
		};
/* End XCBuildConfiguration section */

/* Begin XCConfigurationList section */
		CD2CC7F026C6125E00E7EFEA /* Build configuration list for PBXProject "TechtaGram" */ = {
			isa = XCConfigurationList;
			buildConfigurations = (
				CD2CC81D26C6125F00E7EFEA /* Debug */,
				CD2CC81E26C6125F00E7EFEA /* Release */,
			);
			defaultConfigurationIsVisible = 0;
			defaultConfigurationName = Release;
		};
		CD2CC81F26C6125F00E7EFEA /* Build configuration list for PBXNativeTarget "TechtaGram" */ = {
			isa = XCConfigurationList;
			buildConfigurations = (
				CD2CC82026C6125F00E7EFEA /* Debug */,
				CD2CC82126C6125F00E7EFEA /* Release */,
			);
			defaultConfigurationIsVisible = 0;
			defaultConfigurationName = Release;
		};
		CD2CC82226C6125F00E7EFEA /* Build configuration list for PBXNativeTarget "TechtaGramTests" */ = {
			isa = XCConfigurationList;
			buildConfigurations = (
				CD2CC82326C6125F00E7EFEA /* Debug */,
				CD2CC82426C6125F00E7EFEA /* Release */,
			);
			defaultConfigurationIsVisible = 0;
			defaultConfigurationName = Release;
		};
		CD2CC82526C6125F00E7EFEA /* Build configuration list for PBXNativeTarget "TechtaGramUITests" */ = {
			isa = XCConfigurationList;
			buildConfigurations = (
				CD2CC82626C6125F00E7EFEA /* Debug */,
				CD2CC82726C6125F00E7EFEA /* Release */,
			);
			defaultConfigurationIsVisible = 0;
			defaultConfigurationName = Release;
		};
/* End XCConfigurationList section */
	};
	rootObject = CD2CC7ED26C6125E00E7EFEA /* Project object */;
}
